Microsoft Visual Studio Solution File, Format Version 12.00
# Visual Studio Version 17
VisualStudioVersion = 17.0.31903.59
MinimumVisualStudioVersion = 10.0.40219.1
Project("{FAE04EC0-301F-11D3-BF4B-00C04F79EFBC}") = "TeeAttestationVerification", "TeeAttestationVerification\TeeAttestationVerification.csproj", "{669946CD-FFAF-43C1-BDA1-BCC8D8ABEFF9}"
EndProject
Project("{FAE04EC0-301F-11D3-BF4B-00C04F79EFBC}") = "TeeAttestationVerification.Tests", "TeeAttestationVerification.Tests\TeeAttestationVerification.Tests.csproj", "{7D318F2D-B5A9-4D1C-A42A-C6C3B4AC74D8}"
EndProject
Global
	GlobalSection(SolutionConfigurationPlatforms) = preSolution
		Debug|Any CPU = Debug|Any CPU
		Release|Any CPU = Release|Any CPU
	EndGlobalSection
	GlobalSection(ProjectConfigurationPlatforms) = postSolution
		{669946CD-FFAF-43C1-BDA1-BCC8D8ABEFF9}.Debug|Any CPU.ActiveCfg = Debug|Any CPU
		{669946CD-FFAF-43C1-BDA1-BCC8D8ABEFF9}.Debug|Any CPU.Build.0 = Debug|Any CPU
		{669946CD-FFAF-43C1-BDA1-BCC8D8ABEFF9}.Release|Any CPU.ActiveCfg = Release|Any CPU
		{669946CD-FFAF-43C1-BDA1-BCC8D8ABEFF9}.Release|Any CPU.Build.0 = Release|Any CPU
		{7D318F2D-B5A9-4D1C-A42A-C6C3B4AC74D8}.Debug|Any CPU.ActiveCfg = Debug|Any CPU
		{7D318F2D-B5A9-4D1C-A42A-C6C3B4AC74D8}.Debug|Any CPU.Build.0 = Debug|Any CPU
		{7D318F2D-B5A9-4D1C-A42A-C6C3B4AC74D8}.Release|Any CPU.ActiveCfg = Release|Any CPU
		{7D318F2D-B5A9-4D1C-A42A-C6C3B4AC74D8}.Release|Any CPU.Build.0 = Release|Any CPU
	EndGlobalSection
EndGlobal
